# This file is automatically @generated by Cargo.
# It is not intended for manual editing.
version = 3

[[package]]
name = "cir"
version = "0.5.0"
source = "git+https://github.com/JuergenFranziskus/cir.git#2de36a652b800633cc0359bce8195bd8e9020f69"
dependencies = [
 "typed_garena",
]

[[package]]
name = "rustfck"
version = "0.1.0"
dependencies = [
 "cir",
]

[[package]]
name = "typed_garena"
version = "0.3.0"
source = "git+https://github.com/JuergenFranziskus/typed_garena.git#067c6cda19ac5b49445ecbeba5643ac9fb7ea8c4"
