# This file is automatically @generated by Cargo.
# It is not intended for manual editing.
version = 3

[[package]]
name = "cir"
version = "0.6.0"
source = "git+https://github.com/JuergenFranziskus/cir.git#af51268ad67fa9c451e4bf0f3f61351030e52e16"
dependencies = [
 "typed_garena",
]

[[package]]
name = "rustfck"
version = "0.1.0"
dependencies = [
 "cir",
]

[[package]]
name = "typed_garena"
version = "0.3.1"
source = "git+https://github.com/JuergenFranziskus/typed_garena.git#2505332b35b449b6b82e496a0b7dd32d90d7038a"
